
Microsoft Visual Studio Solution File, Format Version 12.00
# Visual Studio 14
VisualStudioVersion = 14.0.23107.0
MinimumVisualStudioVersion = 10.0.40219.1
Project("{2150E333-8FDC-42A3-9474-1A3956D46DE8}") = "test", "test", "{84908C69-D5B3-4615-9D28-E65B7FD64FBD}"
EndProject
Project("{FAE04EC0-301F-11D3-BF4B-00C04F79EFBC}") = "Z.Test", "test\Z.Test\Z.Test.csproj", "{FB0FA303-3C92-4047-8960-79A660E34975}"
EndProject
Global
	GlobalSection(SolutionConfigurationPlatforms) = preSolution
		Debug|Any CPU = Debug|Any CPU
		Release|Any CPU = Release|Any CPU
	EndGlobalSection
	GlobalSection(ProjectConfigurationPlatforms) = postSolution
		{13E580C8-6E58-4CA0-933B-4ACB1E8D0593}.Debug|Any CPU.ActiveCfg = Debug|Any CPU
		{13E580C8-6E58-4CA0-933B-4ACB1E8D0593}.Debug|Any CPU.Build.0 = Debug|Any CPU
		{13E580C8-6E58-4CA0-933B-4ACB1E8D0593}.Release|Any CPU.ActiveCfg = Release|Any CPU
		{13E580C8-6E58-4CA0-933B-4ACB1E8D0593}.Release|Any CPU.Build.0 = Release|Any CPU
		{DCB2A0F8-0619-4C45-870F-FA2676FBB9B5}.Debug|Any CPU.ActiveCfg = Debug|Any CPU
		{DCB2A0F8-0619-4C45-870F-FA2676FBB9B5}.Debug|Any CPU.Build.0 = Debug|Any CPU
		{DCB2A0F8-0619-4C45-870F-FA2676FBB9B5}.Release|Any CPU.ActiveCfg = Release|Any CPU
		{DCB2A0F8-0619-4C45-870F-FA2676FBB9B5}.Release|Any CPU.Build.0 = Release|Any CPU
		{FB0FA303-3C92-4047-8960-79A660E34975}.Debug|Any CPU.ActiveCfg = Debug|Any CPU
		{FB0FA303-3C92-4047-8960-79A660E34975}.Debug|Any CPU.Build.0 = Debug|Any CPU
		{FB0FA303-3C92-4047-8960-79A660E34975}.Release|Any CPU.ActiveCfg = Release|Any CPU
		{FB0FA303-3C92-4047-8960-79A660E34975}.Release|Any CPU.Build.0 = Release|Any CPU
	EndGlobalSection
	GlobalSection(SolutionProperties) = preSolution
		HideSolutionNode = FALSE
	EndGlobalSection
	GlobalSection(NestedProjects) = preSolution
		{FB0FA303-3C92-4047-8960-79A660E34975} = {84908C69-D5B3-4615-9D28-E65B7FD64FBD}
	EndGlobalSection
EndGlobal
